
Microsoft Visual Studio Solution File, Format Version 12.00
# Visual Studio Version 17
VisualStudioVersion = 17.1.32328.378
MinimumVisualStudioVersion = 10.0.40219.1
Project("{FAE04EC0-301F-11D3-BF4B-00C04F79EFBC}") = "BasicCorePrograms", "BasicCorePrograms.csproj", "{B1226E10-324D-45DE-99B2-3CDA6179CECB}"
EndProject
Global
	GlobalSection(SolutionConfigurationPlatforms) = preSolution
		Debug|Any CPU = Debug|Any CPU
		Release|Any CPU = Release|Any CPU
	EndGlobalSection
	GlobalSection(ProjectConfigurationPlatforms) = postSolution
		{B1226E10-324D-45DE-99B2-3CDA6179CECB}.Debug|Any CPU.ActiveCfg = Debug|Any CPU
		{B1226E10-324D-45DE-99B2-3CDA6179CECB}.Debug|Any CPU.Build.0 = Debug|Any CPU
		{B1226E10-324D-45DE-99B2-3CDA6179CECB}.Release|Any CPU.ActiveCfg = Release|Any CPU
		{B1226E10-324D-45DE-99B2-3CDA6179CECB}.Release|Any CPU.Build.0 = Release|Any CPU
	EndGlobalSection
	GlobalSection(SolutionProperties) = preSolution
		HideSolutionNode = FALSE
	EndGlobalSection
	GlobalSection(ExtensibilityGlobals) = postSolution
		SolutionGuid = {7124AD6F-8839-4058-936C-5E8644640896}
	EndGlobalSection
EndGlobal
